
Microsoft Visual Studio Solution File, Format Version 12.00
# Visual Studio 15
VisualStudioVersion = 15.0.26228.4
MinimumVisualStudioVersion = 10.0.40219.1
Project("{FAE04EC0-301F-11D3-BF4B-00C04F79EFBC}") = "SimpleProgram", "SimpleProgram\SimpleProgram.csproj", "{2F0B3DBB-C80E-49C8-84BD-E83CA672D2CA}"
EndProject
Project("{FAE04EC0-301F-11D3-BF4B-00C04F79EFBC}") = "TestServer", "TestServer\TestServer.csproj", "{87EDBE93-69DC-4361-9173-0318A2FE904E}"
EndProject
Global
	GlobalSection(SolutionConfigurationPlatforms) = preSolution
		Debug|Any CPU = Debug|Any CPU
		Release|Any CPU = Release|Any CPU
	EndGlobalSection
	GlobalSection(ProjectConfigurationPlatforms) = postSolution
		{2F0B3DBB-C80E-49C8-84BD-E83CA672D2CA}.Debug|Any CPU.ActiveCfg = Debug|Any CPU
		{2F0B3DBB-C80E-49C8-84BD-E83CA672D2CA}.Debug|Any CPU.Build.0 = Debug|Any CPU
		{2F0B3DBB-C80E-49C8-84BD-E83CA672D2CA}.Release|Any CPU.ActiveCfg = Release|Any CPU
		{2F0B3DBB-C80E-49C8-84BD-E83CA672D2CA}.Release|Any CPU.Build.0 = Release|Any CPU
		{87EDBE93-69DC-4361-9173-0318A2FE904E}.Debug|Any CPU.ActiveCfg = Debug|Any CPU
		{87EDBE93-69DC-4361-9173-0318A2FE904E}.Debug|Any CPU.Build.0 = Debug|Any CPU
		{87EDBE93-69DC-4361-9173-0318A2FE904E}.Release|Any CPU.ActiveCfg = Release|Any CPU
		{87EDBE93-69DC-4361-9173-0318A2FE904E}.Release|Any CPU.Build.0 = Release|Any CPU
	EndGlobalSection
	GlobalSection(SolutionProperties) = preSolution
		HideSolutionNode = FALSE
	EndGlobalSection
EndGlobal
